
Microsoft Visual Studio Solution File, Format Version 12.00
# Visual Studio 15
VisualStudioVersion = 15.0.27703.2000
MinimumVisualStudioVersion = 10.0.40219.1
Project("{FAE04EC0-301F-11D3-BF4B-00C04F79EFBC}") = "Send", "Send\Send.csproj", "{2F01A4AC-6856-463A-989A-1A0A603A2859}"
EndProject
Project("{FAE04EC0-301F-11D3-BF4B-00C04F79EFBC}") = "Receive", "Receive\Receive.csproj", "{BC80BE3E-FD47-411E-9B5B-D44A2930C303}"
EndProject
Project("{2150E333-8FDC-42A3-9474-1A3956D46DE8}") = "1 HelloWorld", "1 HelloWorld", "{FBB624CF-6C3E-4248-82CB-57A85AA58294}"
EndProject
Project("{2150E333-8FDC-42A3-9474-1A3956D46DE8}") = "2 WorkQueues", "2 WorkQueues", "{ECB77C4E-7CB4-4313-BBEE-690887EB2C60}"
EndProject
Project("{FAE04EC0-301F-11D3-BF4B-00C04F79EFBC}") = "Task", "Task\Task.csproj", "{16CE0E86-427B-4711-887E-27DF8DF90627}"
EndProject
Project("{FAE04EC0-301F-11D3-BF4B-00C04F79EFBC}") = "Worker", "Worker\Worker.csproj", "{2D0705F1-1BA1-48F6-99E2-31C5F9F23A5F}"
EndProject
Project("{2150E333-8FDC-42A3-9474-1A3956D46DE8}") = "3 PublishSubscribe", "3 PublishSubscribe", "{452FF640-21F4-4237-B669-4870B0598908}"
EndProject
Project("{FAE04EC0-301F-11D3-BF4B-00C04F79EFBC}") = "EmitLog", "EmitLog\EmitLog.csproj", "{E68A1E38-CE4A-4364-9EE3-59858E1BB65A}"
EndProject
Project("{FAE04EC0-301F-11D3-BF4B-00C04F79EFBC}") = "ReceiveLogs", "ReceiveLogs\ReceiveLogs.csproj", "{345490EB-63EE-455C-8B8B-D913BA9E0197}"
EndProject
Project("{2150E333-8FDC-42A3-9474-1A3956D46DE8}") = "4 Routing", "4 Routing", "{939F8A9A-257B-42D1-BAA5-5A1A0AC19D6C}"
EndProject
Global
	GlobalSection(SolutionConfigurationPlatforms) = preSolution
		Debug|Any CPU = Debug|Any CPU
		Release|Any CPU = Release|Any CPU
	EndGlobalSection
	GlobalSection(ProjectConfigurationPlatforms) = postSolution
		{2F01A4AC-6856-463A-989A-1A0A603A2859}.Debug|Any CPU.ActiveCfg = Debug|Any CPU
		{2F01A4AC-6856-463A-989A-1A0A603A2859}.Debug|Any CPU.Build.0 = Debug|Any CPU
		{2F01A4AC-6856-463A-989A-1A0A603A2859}.Release|Any CPU.ActiveCfg = Release|Any CPU
		{2F01A4AC-6856-463A-989A-1A0A603A2859}.Release|Any CPU.Build.0 = Release|Any CPU
		{BC80BE3E-FD47-411E-9B5B-D44A2930C303}.Debug|Any CPU.ActiveCfg = Debug|Any CPU
		{BC80BE3E-FD47-411E-9B5B-D44A2930C303}.Debug|Any CPU.Build.0 = Debug|Any CPU
		{BC80BE3E-FD47-411E-9B5B-D44A2930C303}.Release|Any CPU.ActiveCfg = Release|Any CPU
		{BC80BE3E-FD47-411E-9B5B-D44A2930C303}.Release|Any CPU.Build.0 = Release|Any CPU
		{16CE0E86-427B-4711-887E-27DF8DF90627}.Debug|Any CPU.ActiveCfg = Debug|Any CPU
		{16CE0E86-427B-4711-887E-27DF8DF90627}.Debug|Any CPU.Build.0 = Debug|Any CPU
		{16CE0E86-427B-4711-887E-27DF8DF90627}.Release|Any CPU.ActiveCfg = Release|Any CPU
		{16CE0E86-427B-4711-887E-27DF8DF90627}.Release|Any CPU.Build.0 = Release|Any CPU
		{2D0705F1-1BA1-48F6-99E2-31C5F9F23A5F}.Debug|Any CPU.ActiveCfg = Debug|Any CPU
		{2D0705F1-1BA1-48F6-99E2-31C5F9F23A5F}.Debug|Any CPU.Build.0 = Debug|Any CPU
		{2D0705F1-1BA1-48F6-99E2-31C5F9F23A5F}.Release|Any CPU.ActiveCfg = Release|Any CPU
		{2D0705F1-1BA1-48F6-99E2-31C5F9F23A5F}.Release|Any CPU.Build.0 = Release|Any CPU
		{E68A1E38-CE4A-4364-9EE3-59858E1BB65A}.Debug|Any CPU.ActiveCfg = Debug|Any CPU
		{E68A1E38-CE4A-4364-9EE3-59858E1BB65A}.Debug|Any CPU.Build.0 = Debug|Any CPU
		{E68A1E38-CE4A-4364-9EE3-59858E1BB65A}.Release|Any CPU.ActiveCfg = Release|Any CPU
		{E68A1E38-CE4A-4364-9EE3-59858E1BB65A}.Release|Any CPU.Build.0 = Release|Any CPU
		{345490EB-63EE-455C-8B8B-D913BA9E0197}.Debug|Any CPU.ActiveCfg = Debug|Any CPU
		{345490EB-63EE-455C-8B8B-D913BA9E0197}.Debug|Any CPU.Build.0 = Debug|Any CPU
		{345490EB-63EE-455C-8B8B-D913BA9E0197}.Release|Any CPU.ActiveCfg = Release|Any CPU
		{345490EB-63EE-455C-8B8B-D913BA9E0197}.Release|Any CPU.Build.0 = Release|Any CPU
	EndGlobalSection
	GlobalSection(SolutionProperties) = preSolution
		HideSolutionNode = FALSE
	EndGlobalSection
	GlobalSection(NestedProjects) = preSolution
		{2F01A4AC-6856-463A-989A-1A0A603A2859} = {FBB624CF-6C3E-4248-82CB-57A85AA58294}
		{BC80BE3E-FD47-411E-9B5B-D44A2930C303} = {FBB624CF-6C3E-4248-82CB-57A85AA58294}
		{16CE0E86-427B-4711-887E-27DF8DF90627} = {ECB77C4E-7CB4-4313-BBEE-690887EB2C60}
		{2D0705F1-1BA1-48F6-99E2-31C5F9F23A5F} = {ECB77C4E-7CB4-4313-BBEE-690887EB2C60}
		{E68A1E38-CE4A-4364-9EE3-59858E1BB65A} = {452FF640-21F4-4237-B669-4870B0598908}
		{345490EB-63EE-455C-8B8B-D913BA9E0197} = {452FF640-21F4-4237-B669-4870B0598908}
	EndGlobalSection
	GlobalSection(ExtensibilityGlobals) = postSolution
		SolutionGuid = {48D03D71-F9DB-4682-B0AA-0CA378162B00}
	EndGlobalSection
EndGlobal
